// !$*UTF8*$!
{
	archiveVersion = 1;
	classes = {
	};
	objectVersion = 48;
	objects = {

/* Begin PBXBuildFile section */
		B0C4DC17202A944B00C5243E /* AppDelegate.swift in Sources */ = {isa = PBXBuildFile; fileRef = B0C4DC16202A944B00C5243E /* AppDelegate.swift */; };
		B0C4DC19202A944B00C5243E /* ViewController.swift in Sources */ = {isa = PBXBuildFile; fileRef = B0C4DC18202A944B00C5243E /* ViewController.swift */; };
		B0C4DC1C202A944B00C5243E /* Main.storyboard in Resources */ = {isa = PBXBuildFile; fileRef = B0C4DC1A202A944B00C5243E /* Main.storyboard */; };
		B0C4DC1E202A944B00C5243E /* Assets.xcassets in Resources */ = {isa = PBXBuildFile; fileRef = B0C4DC1D202A944B00C5243E /* Assets.xcassets */; };
		B0C4DC21202A944B00C5243E /* LaunchScreen.storyboard in Resources */ = {isa = PBXBuildFile; fileRef = B0C4DC1F202A944B00C5243E /* LaunchScreen.storyboard */; };
/* End PBXBuildFile section */

/* Begin PBXFileReference section */
		B0C4DC13202A944B00C5243E /* dragdrop.app */ = {isa = PBXFileReference; explicitFileType = wrapper.application; includeInIndex = 0; path = dragdrop.app; sourceTree = BUILT_PRODUCTS_DIR; };
		B0C4DC16202A944B00C5243E /* AppDelegate.swift */ = {isa = PBXFileReference; lastKnownFileType = sourcecode.swift; path = AppDelegate.swift; sourceTree = "<group>"; };
		B0C4DC18202A944B00C5243E /* ViewController.swift */ = {isa = PBXFileReference; lastKnownFileType = sourcecode.swift; path = ViewController.swift; sourceTree = "<group>"; };
		B0C4DC1B202A944B00C5243E /* Base */ = {isa = PBXFileReference; lastKnownFileType = file.storyboard; name = Base; path = Base.lproj/Main.storyboard; sourceTree = "<group>"; };
		B0C4DC1D202A944B00C5243E /* Assets.xcassets */ = {isa = PBXFileReference; lastKnownFileType = folder.assetcatalog; path = Assets.xcassets; sourceTree = "<group>"; };
		B0C4DC20202A944B00C5243E /* Base */ = {isa = PBXFileReference; lastKnownFileType = file.storyboard; name = Base; path = Base.lproj/LaunchScreen.storyboard; sourceTree = "<group>"; };
		B0C4DC22202A944B00C5243E /* Info.plist */ = {isa = PBXFileReference; lastKnownFileType = text.plist.xml; path = Info.plist; sourceTree = "<group>"; };
/* End PBXFileReference section */

/* Begin PBXFrameworksBuildPhase section */
		B0C4DC10202A944B00C5243E /* Frameworks */ = {
			isa = PBXFrameworksBuildPhase;
			buildActionMask = 2147483647;
			files = (
			);
			runOnlyForDeploymentPostprocessing = 0;
		};
/* End PBXFrameworksBuildPhase section */

/* Begin PBXGroup section */
		B0C4DC0A202A944B00C5243E = {
			isa = PBXGroup;
			children = (
				B0C4DC15202A944B00C5243E /* dragdrop */,
				B0C4DC14202A944B00C5243E /* Products */,
			);
			sourceTree = "<group>";
		};
		B0C4DC14202A944B00C5243E /* Products */ = {
			isa = PBXGroup;
			children = (
				B0C4DC13202A944B00C5243E /* dragdrop.app */,
			);
			name = Products;
			sourceTree = "<group>";
		};
		B0C4DC15202A944B00C5243E /* dragdrop */ = {
			isa = PBXGroup;
			children = (
				B0C4DC16202A944B00C5243E /* AppDelegate.swift */,
				B0C4DC18202A944B00C5243E /* ViewController.swift */,
				B0C4DC1A202A944B00C5243E /* Main.storyboard */,
				B0C4DC1D202A944B00C5243E /* Assets.xcassets */,
				B0C4DC1F202A944B00C5243E /* LaunchScreen.storyboard */,
				B0C4DC22202A944B00C5243E /* Info.plist */,
			);
			path = dragdrop;
			sourceTree = "<group>";
		};
/* End PBXGroup section */

/* Begin PBXNativeTarget section */
		B0C4DC12202A944B00C5243E /* dragdrop */ = {
			isa = PBXNativeTarget;
			buildConfigurationList = B0C4DC25202A944B00C5243E /* Build configuration list for PBXNativeTarget "dragdrop" */;
			buildPhases = (
				B0C4DC0F202A944B00C5243E /* Sources */,
				B0C4DC10202A944B00C5243E /* Frameworks */,
				B0C4DC11202A944B00C5243E /* Resources */,
			);
			buildRules = (
			);
			dependencies = (
			);
			name = dragdrop;
			productName = dragdrop;
			productReference = B0C4DC13202A944B00C5243E /* dragdrop.app */;
			productType = "com.apple.product-type.application";
		};
/* End PBXNativeTarget section */

/* Begin PBXProject section */
		B0C4DC0B202A944B00C5243E /* Project object */ = {
			isa = PBXProject;
			attributes = {
				LastSwiftUpdateCheck = 0920;
				LastUpgradeCheck = 0920;
				ORGANIZATIONNAME = dongphilyoo;
				TargetAttributes = {
					B0C4DC12202A944B00C5243E = {
						CreatedOnToolsVersion = 9.2;
						ProvisioningStyle = Automatic;
					};
				};
			};
			buildConfigurationList = B0C4DC0E202A944B00C5243E /* Build configuration list for PBXProject "dragdrop" */;
			compatibilityVersion = "Xcode 8.0";
			developmentRegion = en;
			hasScannedForEncodings = 0;
			knownRegions = (
				en,
				Base,
			);
			mainGroup = B0C4DC0A202A944B00C5243E;
			productRefGroup = B0C4DC14202A944B00C5243E /* Products */;
			projectDirPath = "";
			projectRoot = "";
			targets = (
				B0C4DC12202A944B00C5243E /* dragdrop */,
			);
		};
/* End PBXProject section */

/* Begin PBXResourcesBuildPhase section */
		B0C4DC11202A944B00C5243E /* Resources */ = {
			isa = PBXResourcesBuildPhase;
			buildActionMask = 2147483647;
			files = (
				B0C4DC21202A944B00C5243E /* LaunchScreen.storyboard in Resources */,
				B0C4DC1E202A944B00C5243E /* Assets.xcassets in Resources */,
				B0C4DC1C202A944B00C5243E /* Main.storyboard in Resources */,
			);
			runOnlyForDeploymentPostprocessing = 0;
		};
/* End PBXResourcesBuildPhase section */

/* Begin PBXSourcesBuildPhase section */
		B0C4DC0F202A944B00C5243E /* Sources */ = {
			isa = PBXSourcesBuildPhase;
			buildActionMask = 2147483647;
			files = (
				B0C4DC19202A944B00C5243E /* ViewController.swift in Sources */,
				B0C4DC17202A944B00C5243E /* AppDelegate.swift in Sources */,
			);
			runOnlyForDeploymentPostprocessing = 0;
		};
/* End PBXSourcesBuildPhase section */

/* Begin PBXVariantGroup section */
		B0C4DC1A202A944B00C5243E /* Main.storyboard */ = {
			isa = PBXVariantGroup;
			children = (
				B0C4DC1B202A944B00C5243E /* Base */,
			);
			name = Main.storyboard;
			sourceTree = "<group>";
		};
		B0C4DC1F202A944B00C5243E /* LaunchScreen.storyboard */ = {
			isa = PBXVariantGroup;
			children = (
				B0C4DC20202A944B00C5243E /* Base */,
			);
			name = LaunchScreen.storyboard;
			sourceTree = "<group>";
		};
/* End PBXVariantGroup section */

/* Begin XCBuildConfiguration section */
		B0C4DC23202A944B00C5243E /* Debug */ = {
			isa = XCBuildConfiguration;
			buildSettings = {
				ALWAYS_SEARCH_USER_PATHS = NO;
				CLANG_ANALYZER_NONNULL = YES;
				CLANG_ANALYZER_NUMBER_OBJECT_CONVERSION = YES_AGGRESSIVE;
				CLANG_CXX_LANGUAGE_STANDARD = "gnu++14";
				CLANG_CXX_LIBRARY = "libc++";
				CLANG_ENABLE_MODULES = YES;
				CLANG_ENABLE_OBJC_ARC = YES;
				CLANG_WARN_BLOCK_CAPTURE_AUTORELEASING = YES;
				CLANG_WARN_BOOL_CONVERSION = YES;
				CLANG_WARN_COMMA = YES;
				CLANG_WARN_CONSTANT_CONVERSION = YES;
				CLANG_WARN_DIRECT_OBJC_ISA_USAGE = YES_ERROR;
				CLANG_WARN_DOCUMENTATION_COMMENTS = YES;
				CLANG_WARN_EMPTY_BODY = YES;
				CLANG_WARN_ENUM_CONVERSION = YES;
				CLANG_WARN_INFINITE_RECURSION = YES;
				CLANG_WARN_INT_CONVERSION = YES;
				CLANG_WARN_NON_LITERAL_NULL_CONVERSION = YES;
				CLANG_WARN_OBJC_LITERAL_CONVERSION = YES;
				CLANG_WARN_OBJC_ROOT_CLASS = YES_ERROR;
				CLANG_WARN_RANGE_LOOP_ANALYSIS = YES;
				CLANG_WARN_STRICT_PROTOTYPES = YES;
				CLANG_WARN_SUSPICIOUS_MOVE = YES;
				CLANG_WARN_UNGUARDED_AVAILABILITY = YES_AGGRESSIVE;
				CLANG_WARN_UNREACHABLE_CODE = YES;
				CLANG_WARN__DUPLICATE_METHOD_MATCH = YES;
				CODE_SIGN_IDENTITY = "iPhone Developer";
				COPY_PHASE_STRIP = NO;
				DEBUG_INFORMATION_FORMAT = dwarf;
				ENABLE_STRICT_OBJC_MSGSEND = YES;
				ENABLE_TESTABILITY = YES;
				GCC_C_LANGUAGE_STANDARD = gnu11;
				GCC_DYNAMIC_NO_PIC = NO;
				GCC_NO_COMMON_BLOCKS = YES;
				GCC_OPTIMIZATION_LEVEL = 0;
				GCC_PREPROCESSOR_DEFINITIONS = (
					"DEBUG=1",
					"$(inherited)",
				);
				GCC_WARN_64_TO_32_BIT_CONVERSION = YES;
				GCC_WARN_ABOUT_RETURN_TYPE = YES_ERROR;
				GCC_WARN_UNDECLARED_SELECTOR = YES;
				GCC_WARN_UNINITIALIZED_AUTOS = YES_AGGRESSIVE;
				GCC_WARN_UNUSED_FUNCTION = YES;
				GCC_WARN_UNUSED_VARIABLE = YES;
				IPHONEOS_DEPLOYMENT_TARGET = 11.2;
				MTL_ENABLE_DEBUG_INFO = YES;
				ONLY_ACTIVE_ARCH = YES;
				SDKROOT = iphoneos;
				SWIFT_ACTIVE_COMPILATION_CONDITIONS = DEBUG;
				SWIFT_OPTIMIZATION_LEVEL = "-Onone";
			};
			name = Debug;
		};
		B0C4DC24202A944B00C5243E /* Release */ = {
			isa = XCBuildConfiguration;
			buildSettings = {
				ALWAYS_SEARCH_USER_PATHS = NO;
				CLANG_ANALYZER_NONNULL = YES;
				CLANG_ANALYZER_NUMBER_OBJECT_CONVERSION = YES_AGGRESSIVE;
				CLANG_CXX_LANGUAGE_STANDARD = "gnu++14";
				CLANG_CXX_LIBRARY = "libc++";
				CLANG_ENABLE_MODULES = YES;
				CLANG_ENABLE_OBJC_ARC = YES;
				CLANG_WARN_BLOCK_CAPTURE_AUTORELEASING = YES;
				CLANG_WARN_BOOL_CONVERSION = YES;
				CLANG_WARN_COMMA = YES;
				CLANG_WARN_CONSTANT_CONVERSION = YES;
				CLANG_WARN_DIRECT_OBJC_ISA_USAGE = YES_ERROR;
				CLANG_WARN_DOCUMENTATION_COMMENTS = YES;
				CLANG_WARN_EMPTY_BODY = YES;
				CLANG_WARN_ENUM_CONVERSION = YES;
				CLANG_WARN_INFINITE_RECURSION = YES;
				CLANG_WARN_INT_CONVERSION = YES;
				CLANG_WARN_NON_LITERAL_NULL_CONVERSION = YES;
				CLANG_WARN_OBJC_LITERAL_CONVERSION = YES;
				CLANG_WARN_OBJC_ROOT_CLASS = YES_ERROR;
				CLANG_WARN_RANGE_LOOP_ANALYSIS = YES;
				CLANG_WARN_STRICT_PROTOTYPES = YES;
				CLANG_WARN_SUSPICIOUS_MOVE = YES;
				CLANG_WARN_UNGUARDED_AVAILABILITY = YES_AGGRESSIVE;
				CLANG_WARN_UNREACHABLE_CODE = YES;
				CLANG_WARN__DUPLICATE_METHOD_MATCH = YES;
				CODE_SIGN_IDENTITY = "iPhone Developer";
				COPY_PHASE_STRIP = NO;
				DEBUG_INFORMATION_FORMAT = "dwarf-with-dsym";
				ENABLE_NS_ASSERTIONS = NO;
				ENABLE_STRICT_OBJC_MSGSEND = YES;
				GCC_C_LANGUAGE_STANDARD = gnu11;
				GCC_NO_COMMON_BLOCKS = YES;
				GCC_WARN_64_TO_32_BIT_CONVERSION = YES;
				GCC_WARN_ABOUT_RETURN_TYPE = YES_ERROR;
				GCC_WARN_UNDECLARED_SELECTOR = YES;
				GCC_WARN_UNINITIALIZED_AUTOS = YES_AGGRESSIVE;
				GCC_WARN_UNUSED_FUNCTION = YES;
				GCC_WARN_UNUSED_VARIABLE = YES;
				IPHONEOS_DEPLOYMENT_TARGET = 11.2;
				MTL_ENABLE_DEBUG_INFO = NO;
				SDKROOT = iphoneos;
				SWIFT_OPTIMIZATION_LEVEL = "-Owholemodule";
				VALIDATE_PRODUCT = YES;
			};
			name = Release;
		};
		B0C4DC26202A944B00C5243E /* Debug */ = {
			isa = XCBuildConfiguration;
			buildSettings = {
				ASSETCATALOG_COMPILER_APPICON_NAME = AppIcon;
				CODE_SIGN_STYLE = Automatic;
				DEVELOPMENT_TEAM = NW34N8H6TY;
				INFOPLIST_FILE = dragdrop/Info.plist;
				LD_RUNPATH_SEARCH_PATHS = "$(inherited) @executable_path/Frameworks";
				PRODUCT_BUNDLE_IDENTIFIER = com.dongphilyoo.dragdrop;
				PRODUCT_NAME = "$(TARGET_NAME)";
				SWIFT_VERSION = 4.0;
				TARGETED_DEVICE_FAMILY = "1,2";
			};
			name = Debug;
		};
		B0C4DC27202A944B00C5243E /* Release */ = {
			isa = XCBuildConfiguration;
			buildSettings = {
				ASSETCATALOG_COMPILER_APPICON_NAME = AppIcon;
				CODE_SIGN_STYLE = Automatic;
				DEVELOPMENT_TEAM = NW34N8H6TY;
				INFOPLIST_FILE = dragdrop/Info.plist;
				LD_RUNPATH_SEARCH_PATHS = "$(inherited) @executable_path/Frameworks";
				PRODUCT_BUNDLE_IDENTIFIER = com.dongphilyoo.dragdrop;
				PRODUCT_NAME = "$(TARGET_NAME)";
				SWIFT_VERSION = 4.0;
				TARGETED_DEVICE_FAMILY = "1,2";
			};
			name = Release;
		};
/* End XCBuildConfiguration section */

/* Begin XCConfigurationList section */
		B0C4DC0E202A944B00C5243E /* Build configuration list for PBXProject "dragdrop" */ = {
			isa = XCConfigurationList;
			buildConfigurations = (
				B0C4DC23202A944B00C5243E /* Debug */,
				B0C4DC24202A944B00C5243E /* Release */,
			);
			defaultConfigurationIsVisible = 0;
			defaultConfigurationName = Release;
		};
		B0C4DC25202A944B00C5243E /* Build configuration list for PBXNativeTarget "dragdrop" */ = {
			isa = XCConfigurationList;
			buildConfigurations = (
				B0C4DC26202A944B00C5243E /* Debug */,
				B0C4DC27202A944B00C5243E /* Release */,
			);
			defaultConfigurationIsVisible = 0;
			defaultConfigurationName = Release;
		};
/* End XCConfigurationList section */
	};
	rootObject = B0C4DC0B202A944B00C5243E /* Project object */;
}
